PODS:
  - ARCL (1.0)

DEPENDENCIES:
  - ARCL (from `https://github.com/wemap/ARKit-CoreLocation`, branch `master`)

EXTERNAL SOURCES:
  ARCL:
    :branch: master
    :git: https://github.com/wemap/ARKit-CoreLocation

CHECKOUT OPTIONS:
  ARCL:
    :commit: e4550c493c910165a9c71875dafcdce73d7bc2bd
    :git: https://github.com/wemap/ARKit-CoreLocation

SPEC CHECKSUMS:
  ARCL: 683bb04ef3e1c6b9fa204950eb41bd2c049152d0

PODFILE CHECKSUM: 870e4fc6308f1e0f994e80bfe132887be5aaaa87

COCOAPODS: 1.1.1
